
Microsoft Visual Studio Solution File, Format Version 12.00
# Visual Studio Version 17
VisualStudioVersion = 17.10.35027.167
MinimumVisualStudioVersion = 10.0.40219.1
Project("{FAE04EC0-301F-11D3-BF4B-00C04F79EFBC}") = "Server", "Server\Server.csproj", "{34ADB4AA-7C29-4B2C-AB17-B8CD3572597D}"
EndProject
Project("{FAE04EC0-301F-11D3-BF4B-00C04F79EFBC}") = "ServerCore", "ServerCore\ServerCore.csproj", "{2004FC14-52E5-4D6B-ADF5-A74A86EE190D}"
EndProject
Project("{FAE04EC0-301F-11D3-BF4B-00C04F79EFBC}") = "DummyClient", "DummyClient\DummyClient.csproj", "{8C4FB193-2F44-4FF5-A3F6-0C08E8050DA0}"
EndProject
Global
	GlobalSection(SolutionConfigurationPlatforms) = preSolution
		Debug|Any CPU = Debug|Any CPU
		Release|Any CPU = Release|Any CPU
	EndGlobalSection
	GlobalSection(ProjectConfigurationPlatforms) = postSolution
		{34ADB4AA-7C29-4B2C-AB17-B8CD3572597D}.Debug|Any CPU.ActiveCfg = Debug|Any CPU
		{34ADB4AA-7C29-4B2C-AB17-B8CD3572597D}.Debug|Any CPU.Build.0 = Debug|Any CPU
		{34ADB4AA-7C29-4B2C-AB17-B8CD3572597D}.Release|Any CPU.ActiveCfg = Release|Any CPU
		{34ADB4AA-7C29-4B2C-AB17-B8CD3572597D}.Release|Any CPU.Build.0 = Release|Any CPU
		{2004FC14-52E5-4D6B-ADF5-A74A86EE190D}.Debug|Any CPU.ActiveCfg = Debug|Any CPU
		{2004FC14-52E5-4D6B-ADF5-A74A86EE190D}.Debug|Any CPU.Build.0 = Debug|Any CPU
		{2004FC14-52E5-4D6B-ADF5-A74A86EE190D}.Release|Any CPU.ActiveCfg = Release|Any CPU
		{2004FC14-52E5-4D6B-ADF5-A74A86EE190D}.Release|Any CPU.Build.0 = Release|Any CPU
		{8C4FB193-2F44-4FF5-A3F6-0C08E8050DA0}.Debug|Any CPU.ActiveCfg = Debug|Any CPU
		{8C4FB193-2F44-4FF5-A3F6-0C08E8050DA0}.Debug|Any CPU.Build.0 = Debug|Any CPU
		{8C4FB193-2F44-4FF5-A3F6-0C08E8050DA0}.Release|Any CPU.ActiveCfg = Release|Any CPU
		{8C4FB193-2F44-4FF5-A3F6-0C08E8050DA0}.Release|Any CPU.Build.0 = Release|Any CPU
	EndGlobalSection
	GlobalSection(SolutionProperties) = preSolution
		HideSolutionNode = FALSE
	EndGlobalSection
	GlobalSection(ExtensibilityGlobals) = postSolution
		SolutionGuid = {C7381B98-BEBD-4F03-9487-82EB2BC2C2DA}
	EndGlobalSection
EndGlobal
